
Microsoft Visual Studio Solution File, Format Version 12.00
# Visual Studio Express 15 for Windows Desktop
VisualStudioVersion = 15.0.27428.2015
MinimumVisualStudioVersion = 10.0.40219.1
Project("{FAE04EC0-301F-11D3-BF4B-00C04F79EFBC}") = "TizwasOrderingSystem", "ConsoleApp2\TizwasOrderingSystem.csproj", "{4D6C0D7F-4494-4CDB-B98B-391C5ECC58D7}"
EndProject
Global
	GlobalSection(SolutionConfigurationPlatforms) = preSolution
		Debug|Any CPU = Debug|Any CPU
		Release|Any CPU = Release|Any CPU
	EndGlobalSection
	GlobalSection(ProjectConfigurationPlatforms) = postSolution
		{4D6C0D7F-4494-4CDB-B98B-391C5ECC58D7}.Debug|Any CPU.ActiveCfg = Debug|Any CPU
		{4D6C0D7F-4494-4CDB-B98B-391C5ECC58D7}.Debug|Any CPU.Build.0 = Debug|Any CPU
		{4D6C0D7F-4494-4CDB-B98B-391C5ECC58D7}.Release|Any CPU.ActiveCfg = Release|Any CPU
		{4D6C0D7F-4494-4CDB-B98B-391C5ECC58D7}.Release|Any CPU.Build.0 = Release|Any CPU
	EndGlobalSection
	GlobalSection(SolutionProperties) = preSolution
		HideSolutionNode = FALSE
	EndGlobalSection
	GlobalSection(ExtensibilityGlobals) = postSolution
		SolutionGuid = {F034DB03-7DE4-4615-A3F6-29CB06677F4A}
	EndGlobalSection
EndGlobal
